# This file is automatically @generated by Cargo.
# It is not intended for manual editing.
version = 4

[[package]]
name = "occ"
version = "0.1.0"

[[package]]
name = "occ-components"
version = "0.1.0"

[[package]]
name = "occ-render"
version = "0.1.0"

[[package]]
name = "occ-systems"
version = "0.1.0"
